<?xml version="1.0" encoding="utf-8"?>
<Project ToolsVersion="16.0" xmlns="http://schemas.microsoft.com/developer/msbuild/2003">
  <ItemGroup>
    <CustomBuild Include="N:\Development\Dev_Base\libzip-1.10.0\msvc\CMakeFiles\530391fa75e0a340761fe8ec95852d3e\RUN_TESTS_force.rule">
      <Filter>CMake Rules</Filter>
    </CustomBuild>
  </ItemGroup>
  <ItemGroup>
    <Filter Include="CMake Rules">
      <UniqueIdentifier>{108B202A-FA7D-3851-BD8B-94518CE64ECC}</UniqueIdentifier>
    </Filter>
  </ItemGroup>
</Project>
