<?xml version="1.0" encoding="utf-8"?>
<Project ToolsVersion="16.0" xmlns="http://schemas.microsoft.com/developer/msbuild/2003">
  <ItemGroup>
    <CustomBuild Include="N:\Development\Dev_Base\libzip-1.10.0\msvc\CMakeFiles\2fb8620efd73e3820f3d0ebc6ef2805c\ZIP_SOURCE_GET_ARGS.html.rule">
      <Filter>CMake Rules</Filter>
    </CustomBuild>
    <CustomBuild Include="N:\Development\Dev_Base\libzip-1.10.0\msvc\CMakeFiles\2fb8620efd73e3820f3d0ebc6ef2805c\libzip.html.rule">
      <Filter>CMake Rules</Filter>
    </CustomBuild>
    <CustomBuild Include="N:\Development\Dev_Base\libzip-1.10.0\msvc\CMakeFiles\2fb8620efd73e3820f3d0ebc6ef2805c\zip_add.html.rule">
      <Filter>CMake Rules</Filter>
    </CustomBuild>
    <CustomBuild Include="N:\Development\Dev_Base\libzip-1.10.0\msvc\CMakeFiles\2fb8620efd73e3820f3d0ebc6ef2805c\zip_add_dir.html.rule">
      <Filter>CMake Rules</Filter>
    </CustomBuild>
    <CustomBuild Include="N:\Development\Dev_Base\libzip-1.10.0\msvc\CMakeFiles\2fb8620efd73e3820f3d0ebc6ef2805c\zip_close.html.rule">
      <Filter>CMake Rules</Filter>
    </CustomBuild>
    <CustomBuild Include="N:\Development\Dev_Base\libzip-1.10.0\msvc\CMakeFiles\2fb8620efd73e3820f3d0ebc6ef2805c\zip_compression_method_supported.html.rule">
      <Filter>CMake Rules</Filter>
    </CustomBuild>
    <CustomBuild Include="N:\Development\Dev_Base\libzip-1.10.0\msvc\CMakeFiles\2fb8620efd73e3820f3d0ebc6ef2805c\zip_delete.html.rule">
      <Filter>CMake Rules</Filter>
    </CustomBuild>
    <CustomBuild Include="N:\Development\Dev_Base\libzip-1.10.0\msvc\CMakeFiles\2fb8620efd73e3820f3d0ebc6ef2805c\zip_dir_add.html.rule">
      <Filter>CMake Rules</Filter>
    </CustomBuild>
    <CustomBuild Include="N:\Development\Dev_Base\libzip-1.10.0\msvc\CMakeFiles\2fb8620efd73e3820f3d0ebc6ef2805c\zip_discard.html.rule">
      <Filter>CMake Rules</Filter>
    </CustomBuild>
    <CustomBuild Include="N:\Development\Dev_Base\libzip-1.10.0\msvc\CMakeFiles\2fb8620efd73e3820f3d0ebc6ef2805c\zip_encryption_method_supported.html.rule">
      <Filter>CMake Rules</Filter>
    </CustomBuild>
    <CustomBuild Include="N:\Development\Dev_Base\libzip-1.10.0\msvc\CMakeFiles\2fb8620efd73e3820f3d0ebc6ef2805c\zip_error_clear.html.rule">
      <Filter>CMake Rules</Filter>
    </CustomBuild>
    <CustomBuild Include="N:\Development\Dev_Base\libzip-1.10.0\msvc\CMakeFiles\2fb8620efd73e3820f3d0ebc6ef2805c\zip_error_code_system.html.rule">
      <Filter>CMake Rules</Filter>
    </CustomBuild>
    <CustomBuild Include="N:\Development\Dev_Base\libzip-1.10.0\msvc\CMakeFiles\2fb8620efd73e3820f3d0ebc6ef2805c\zip_error_code_zip.html.rule">
      <Filter>CMake Rules</Filter>
    </CustomBuild>
    <CustomBuild Include="N:\Development\Dev_Base\libzip-1.10.0\msvc\CMakeFiles\2fb8620efd73e3820f3d0ebc6ef2805c\zip_error_fini.html.rule">
      <Filter>CMake Rules</Filter>
    </CustomBuild>
    <CustomBuild Include="N:\Development\Dev_Base\libzip-1.10.0\msvc\CMakeFiles\2fb8620efd73e3820f3d0ebc6ef2805c\zip_error_get.html.rule">
      <Filter>CMake Rules</Filter>
    </CustomBuild>
    <CustomBuild Include="N:\Development\Dev_Base\libzip-1.10.0\msvc\CMakeFiles\2fb8620efd73e3820f3d0ebc6ef2805c\zip_error_get_sys_type.html.rule">
      <Filter>CMake Rules</Filter>
    </CustomBuild>
    <CustomBuild Include="N:\Development\Dev_Base\libzip-1.10.0\msvc\CMakeFiles\2fb8620efd73e3820f3d0ebc6ef2805c\zip_error_init.html.rule">
      <Filter>CMake Rules</Filter>
    </CustomBuild>
    <CustomBuild Include="N:\Development\Dev_Base\libzip-1.10.0\msvc\CMakeFiles\2fb8620efd73e3820f3d0ebc6ef2805c\zip_error_set.html.rule">
      <Filter>CMake Rules</Filter>
    </CustomBuild>
    <CustomBuild Include="N:\Development\Dev_Base\libzip-1.10.0\msvc\CMakeFiles\2fb8620efd73e3820f3d0ebc6ef2805c\zip_error_strerror.html.rule">
      <Filter>CMake Rules</Filter>
    </CustomBuild>
    <CustomBuild Include="N:\Development\Dev_Base\libzip-1.10.0\msvc\CMakeFiles\2fb8620efd73e3820f3d0ebc6ef2805c\zip_error_system_type.html.rule">
      <Filter>CMake Rules</Filter>
    </CustomBuild>
    <CustomBuild Include="N:\Development\Dev_Base\libzip-1.10.0\msvc\CMakeFiles\2fb8620efd73e3820f3d0ebc6ef2805c\zip_error_to_data.html.rule">
      <Filter>CMake Rules</Filter>
    </CustomBuild>
    <CustomBuild Include="N:\Development\Dev_Base\libzip-1.10.0\msvc\CMakeFiles\2fb8620efd73e3820f3d0ebc6ef2805c\zip_error_to_str.html.rule">
      <Filter>CMake Rules</Filter>
    </CustomBuild>
    <CustomBuild Include="N:\Development\Dev_Base\libzip-1.10.0\msvc\CMakeFiles\2fb8620efd73e3820f3d0ebc6ef2805c\zip_errors.html.rule">
      <Filter>CMake Rules</Filter>
    </CustomBuild>
    <CustomBuild Include="N:\Development\Dev_Base\libzip-1.10.0\msvc\CMakeFiles\2fb8620efd73e3820f3d0ebc6ef2805c\zip_fclose.html.rule">
      <Filter>CMake Rules</Filter>
    </CustomBuild>
    <CustomBuild Include="N:\Development\Dev_Base\libzip-1.10.0\msvc\CMakeFiles\2fb8620efd73e3820f3d0ebc6ef2805c\zip_fdopen.html.rule">
      <Filter>CMake Rules</Filter>
    </CustomBuild>
    <CustomBuild Include="N:\Development\Dev_Base\libzip-1.10.0\msvc\CMakeFiles\2fb8620efd73e3820f3d0ebc6ef2805c\zip_file_add.html.rule">
      <Filter>CMake Rules</Filter>
    </CustomBuild>
    <CustomBuild Include="N:\Development\Dev_Base\libzip-1.10.0\msvc\CMakeFiles\2fb8620efd73e3820f3d0ebc6ef2805c\zip_file_attributes_init.html.rule">
      <Filter>CMake Rules</Filter>
    </CustomBuild>
    <CustomBuild Include="N:\Development\Dev_Base\libzip-1.10.0\msvc\CMakeFiles\2fb8620efd73e3820f3d0ebc6ef2805c\zip_file_extra_field_delete.html.rule">
      <Filter>CMake Rules</Filter>
    </CustomBuild>
    <CustomBuild Include="N:\Development\Dev_Base\libzip-1.10.0\msvc\CMakeFiles\2fb8620efd73e3820f3d0ebc6ef2805c\zip_file_extra_field_get.html.rule">
      <Filter>CMake Rules</Filter>
    </CustomBuild>
    <CustomBuild Include="N:\Development\Dev_Base\libzip-1.10.0\msvc\CMakeFiles\2fb8620efd73e3820f3d0ebc6ef2805c\zip_file_extra_field_set.html.rule">
      <Filter>CMake Rules</Filter>
    </CustomBuild>
    <CustomBuild Include="N:\Development\Dev_Base\libzip-1.10.0\msvc\CMakeFiles\2fb8620efd73e3820f3d0ebc6ef2805c\zip_file_extra_fields_count.html.rule">
      <Filter>CMake Rules</Filter>
    </CustomBuild>
    <CustomBuild Include="N:\Development\Dev_Base\libzip-1.10.0\msvc\CMakeFiles\2fb8620efd73e3820f3d0ebc6ef2805c\zip_file_get_comment.html.rule">
      <Filter>CMake Rules</Filter>
    </CustomBuild>
    <CustomBuild Include="N:\Development\Dev_Base\libzip-1.10.0\msvc\CMakeFiles\2fb8620efd73e3820f3d0ebc6ef2805c\zip_file_get_error.html.rule">
      <Filter>CMake Rules</Filter>
    </CustomBuild>
    <CustomBuild Include="N:\Development\Dev_Base\libzip-1.10.0\msvc\CMakeFiles\2fb8620efd73e3820f3d0ebc6ef2805c\zip_file_get_external_attributes.html.rule">
      <Filter>CMake Rules</Filter>
    </CustomBuild>
    <CustomBuild Include="N:\Development\Dev_Base\libzip-1.10.0\msvc\CMakeFiles\2fb8620efd73e3820f3d0ebc6ef2805c\zip_file_rename.html.rule">
      <Filter>CMake Rules</Filter>
    </CustomBuild>
    <CustomBuild Include="N:\Development\Dev_Base\libzip-1.10.0\msvc\CMakeFiles\2fb8620efd73e3820f3d0ebc6ef2805c\zip_file_set_comment.html.rule">
      <Filter>CMake Rules</Filter>
    </CustomBuild>
    <CustomBuild Include="N:\Development\Dev_Base\libzip-1.10.0\msvc\CMakeFiles\2fb8620efd73e3820f3d0ebc6ef2805c\zip_file_set_encryption.html.rule">
      <Filter>CMake Rules</Filter>
    </CustomBuild>
    <CustomBuild Include="N:\Development\Dev_Base\libzip-1.10.0\msvc\CMakeFiles\2fb8620efd73e3820f3d0ebc6ef2805c\zip_file_set_external_attributes.html.rule">
      <Filter>CMake Rules</Filter>
    </CustomBuild>
    <CustomBuild Include="N:\Development\Dev_Base\libzip-1.10.0\msvc\CMakeFiles\2fb8620efd73e3820f3d0ebc6ef2805c\zip_file_set_mtime.html.rule">
      <Filter>CMake Rules</Filter>
    </CustomBuild>
    <CustomBuild Include="N:\Development\Dev_Base\libzip-1.10.0\msvc\CMakeFiles\2fb8620efd73e3820f3d0ebc6ef2805c\zip_file_strerror.html.rule">
      <Filter>CMake Rules</Filter>
    </CustomBuild>
    <CustomBuild Include="N:\Development\Dev_Base\libzip-1.10.0\msvc\CMakeFiles\2fb8620efd73e3820f3d0ebc6ef2805c\zip_fopen.html.rule">
      <Filter>CMake Rules</Filter>
    </CustomBuild>
    <CustomBuild Include="N:\Development\Dev_Base\libzip-1.10.0\msvc\CMakeFiles\2fb8620efd73e3820f3d0ebc6ef2805c\zip_fopen_encrypted.html.rule">
      <Filter>CMake Rules</Filter>
    </CustomBuild>
    <CustomBuild Include="N:\Development\Dev_Base\libzip-1.10.0\msvc\CMakeFiles\2fb8620efd73e3820f3d0ebc6ef2805c\zip_fread.html.rule">
      <Filter>CMake Rules</Filter>
    </CustomBuild>
    <CustomBuild Include="N:\Development\Dev_Base\libzip-1.10.0\msvc\CMakeFiles\2fb8620efd73e3820f3d0ebc6ef2805c\zip_fseek.html.rule">
      <Filter>CMake Rules</Filter>
    </CustomBuild>
    <CustomBuild Include="N:\Development\Dev_Base\libzip-1.10.0\msvc\CMakeFiles\2fb8620efd73e3820f3d0ebc6ef2805c\zip_ftell.html.rule">
      <Filter>CMake Rules</Filter>
    </CustomBuild>
    <CustomBuild Include="N:\Development\Dev_Base\libzip-1.10.0\msvc\CMakeFiles\2fb8620efd73e3820f3d0ebc6ef2805c\zip_get_archive_comment.html.rule">
      <Filter>CMake Rules</Filter>
    </CustomBuild>
    <CustomBuild Include="N:\Development\Dev_Base\libzip-1.10.0\msvc\CMakeFiles\2fb8620efd73e3820f3d0ebc6ef2805c\zip_get_archive_flag.html.rule">
      <Filter>CMake Rules</Filter>
    </CustomBuild>
    <CustomBuild Include="N:\Development\Dev_Base\libzip-1.10.0\msvc\CMakeFiles\2fb8620efd73e3820f3d0ebc6ef2805c\zip_get_error.html.rule">
      <Filter>CMake Rules</Filter>
    </CustomBuild>
    <CustomBuild Include="N:\Development\Dev_Base\libzip-1.10.0\msvc\CMakeFiles\2fb8620efd73e3820f3d0ebc6ef2805c\zip_get_file_comment.html.rule">
      <Filter>CMake Rules</Filter>
    </CustomBuild>
    <CustomBuild Include="N:\Development\Dev_Base\libzip-1.10.0\msvc\CMakeFiles\2fb8620efd73e3820f3d0ebc6ef2805c\zip_get_name.html.rule">
      <Filter>CMake Rules</Filter>
    </CustomBuild>
    <CustomBuild Include="N:\Development\Dev_Base\libzip-1.10.0\msvc\CMakeFiles\2fb8620efd73e3820f3d0ebc6ef2805c\zip_get_num_entries.html.rule">
      <Filter>CMake Rules</Filter>
    </CustomBuild>
    <CustomBuild Include="N:\Development\Dev_Base\libzip-1.10.0\msvc\CMakeFiles\2fb8620efd73e3820f3d0ebc6ef2805c\zip_get_num_files.html.rule">
      <Filter>CMake Rules</Filter>
    </CustomBuild>
    <CustomBuild Include="N:\Development\Dev_Base\libzip-1.10.0\msvc\CMakeFiles\2fb8620efd73e3820f3d0ebc6ef2805c\zip_libzip_version.html.rule">
      <Filter>CMake Rules</Filter>
    </CustomBuild>
    <CustomBuild Include="N:\Development\Dev_Base\libzip-1.10.0\msvc\CMakeFiles\2fb8620efd73e3820f3d0ebc6ef2805c\zip_name_locate.html.rule">
      <Filter>CMake Rules</Filter>
    </CustomBuild>
    <CustomBuild Include="N:\Development\Dev_Base\libzip-1.10.0\msvc\CMakeFiles\2fb8620efd73e3820f3d0ebc6ef2805c\zip_open.html.rule">
      <Filter>CMake Rules</Filter>
    </CustomBuild>
    <CustomBuild Include="N:\Development\Dev_Base\libzip-1.10.0\msvc\CMakeFiles\2fb8620efd73e3820f3d0ebc6ef2805c\zip_register_cancel_callback_with_state.html.rule">
      <Filter>CMake Rules</Filter>
    </CustomBuild>
    <CustomBuild Include="N:\Development\Dev_Base\libzip-1.10.0\msvc\CMakeFiles\2fb8620efd73e3820f3d0ebc6ef2805c\zip_register_progress_callback.html.rule">
      <Filter>CMake Rules</Filter>
    </CustomBuild>
    <CustomBuild Include="N:\Development\Dev_Base\libzip-1.10.0\msvc\CMakeFiles\2fb8620efd73e3820f3d0ebc6ef2805c\zip_register_progress_callback_with_state.html.rule">
      <Filter>CMake Rules</Filter>
    </CustomBuild>
    <CustomBuild Include="N:\Development\Dev_Base\libzip-1.10.0\msvc\CMakeFiles\2fb8620efd73e3820f3d0ebc6ef2805c\zip_rename.html.rule">
      <Filter>CMake Rules</Filter>
    </CustomBuild>
    <CustomBuild Include="N:\Development\Dev_Base\libzip-1.10.0\msvc\CMakeFiles\2fb8620efd73e3820f3d0ebc6ef2805c\zip_set_archive_comment.html.rule">
      <Filter>CMake Rules</Filter>
    </CustomBuild>
    <CustomBuild Include="N:\Development\Dev_Base\libzip-1.10.0\msvc\CMakeFiles\2fb8620efd73e3820f3d0ebc6ef2805c\zip_set_archive_flag.html.rule">
      <Filter>CMake Rules</Filter>
    </CustomBuild>
    <CustomBuild Include="N:\Development\Dev_Base\libzip-1.10.0\msvc\CMakeFiles\2fb8620efd73e3820f3d0ebc6ef2805c\zip_set_default_password.html.rule">
      <Filter>CMake Rules</Filter>
    </CustomBuild>
    <CustomBuild Include="N:\Development\Dev_Base\libzip-1.10.0\msvc\CMakeFiles\2fb8620efd73e3820f3d0ebc6ef2805c\zip_set_file_comment.html.rule">
      <Filter>CMake Rules</Filter>
    </CustomBuild>
    <CustomBuild Include="N:\Development\Dev_Base\libzip-1.10.0\msvc\CMakeFiles\2fb8620efd73e3820f3d0ebc6ef2805c\zip_set_file_compression.html.rule">
      <Filter>CMake Rules</Filter>
    </CustomBuild>
    <CustomBuild Include="N:\Development\Dev_Base\libzip-1.10.0\msvc\CMakeFiles\2fb8620efd73e3820f3d0ebc6ef2805c\zip_source.html.rule">
      <Filter>CMake Rules</Filter>
    </CustomBuild>
    <CustomBuild Include="N:\Development\Dev_Base\libzip-1.10.0\msvc\CMakeFiles\2fb8620efd73e3820f3d0ebc6ef2805c\zip_source_begin_write.html.rule">
      <Filter>CMake Rules</Filter>
    </CustomBuild>
    <CustomBuild Include="N:\Development\Dev_Base\libzip-1.10.0\msvc\CMakeFiles\2fb8620efd73e3820f3d0ebc6ef2805c\zip_source_buffer.html.rule">
      <Filter>CMake Rules</Filter>
    </CustomBuild>
    <CustomBuild Include="N:\Development\Dev_Base\libzip-1.10.0\msvc\CMakeFiles\2fb8620efd73e3820f3d0ebc6ef2805c\zip_source_buffer_fragment.html.rule">
      <Filter>CMake Rules</Filter>
    </CustomBuild>
    <CustomBuild Include="N:\Development\Dev_Base\libzip-1.10.0\msvc\CMakeFiles\2fb8620efd73e3820f3d0ebc6ef2805c\zip_source_close.html.rule">
      <Filter>CMake Rules</Filter>
    </CustomBuild>
    <CustomBuild Include="N:\Development\Dev_Base\libzip-1.10.0\msvc\CMakeFiles\2fb8620efd73e3820f3d0ebc6ef2805c\zip_source_commit_write.html.rule">
      <Filter>CMake Rules</Filter>
    </CustomBuild>
    <CustomBuild Include="N:\Development\Dev_Base\libzip-1.10.0\msvc\CMakeFiles\2fb8620efd73e3820f3d0ebc6ef2805c\zip_source_error.html.rule">
      <Filter>CMake Rules</Filter>
    </CustomBuild>
    <CustomBuild Include="N:\Development\Dev_Base\libzip-1.10.0\msvc\CMakeFiles\2fb8620efd73e3820f3d0ebc6ef2805c\zip_source_file.html.rule">
      <Filter>CMake Rules</Filter>
    </CustomBuild>
    <CustomBuild Include="N:\Development\Dev_Base\libzip-1.10.0\msvc\CMakeFiles\2fb8620efd73e3820f3d0ebc6ef2805c\zip_source_filep.html.rule">
      <Filter>CMake Rules</Filter>
    </CustomBuild>
    <CustomBuild Include="N:\Development\Dev_Base\libzip-1.10.0\msvc\CMakeFiles\2fb8620efd73e3820f3d0ebc6ef2805c\zip_source_free.html.rule">
      <Filter>CMake Rules</Filter>
    </CustomBuild>
    <CustomBuild Include="N:\Development\Dev_Base\libzip-1.10.0\msvc\CMakeFiles\2fb8620efd73e3820f3d0ebc6ef2805c\zip_source_function.html.rule">
      <Filter>CMake Rules</Filter>
    </CustomBuild>
    <CustomBuild Include="N:\Development\Dev_Base\libzip-1.10.0\msvc\CMakeFiles\2fb8620efd73e3820f3d0ebc6ef2805c\zip_source_is_deleted.html.rule">
      <Filter>CMake Rules</Filter>
    </CustomBuild>
    <CustomBuild Include="N:\Development\Dev_Base\libzip-1.10.0\msvc\CMakeFiles\2fb8620efd73e3820f3d0ebc6ef2805c\zip_source_is_seekable.html.rule">
      <Filter>CMake Rules</Filter>
    </CustomBuild>
    <CustomBuild Include="N:\Development\Dev_Base\libzip-1.10.0\msvc\CMakeFiles\2fb8620efd73e3820f3d0ebc6ef2805c\zip_source_keep.html.rule">
      <Filter>CMake Rules</Filter>
    </CustomBuild>
    <CustomBuild Include="N:\Development\Dev_Base\libzip-1.10.0\msvc\CMakeFiles\2fb8620efd73e3820f3d0ebc6ef2805c\zip_source_layered.html.rule">
      <Filter>CMake Rules</Filter>
    </CustomBuild>
    <CustomBuild Include="N:\Development\Dev_Base\libzip-1.10.0\msvc\CMakeFiles\2fb8620efd73e3820f3d0ebc6ef2805c\zip_source_make_command_bitmap.html.rule">
      <Filter>CMake Rules</Filter>
    </CustomBuild>
    <CustomBuild Include="N:\Development\Dev_Base\libzip-1.10.0\msvc\CMakeFiles\2fb8620efd73e3820f3d0ebc6ef2805c\zip_source_open.html.rule">
      <Filter>CMake Rules</Filter>
    </CustomBuild>
    <CustomBuild Include="N:\Development\Dev_Base\libzip-1.10.0\msvc\CMakeFiles\2fb8620efd73e3820f3d0ebc6ef2805c\zip_source_read.html.rule">
      <Filter>CMake Rules</Filter>
    </CustomBuild>
    <CustomBuild Include="N:\Development\Dev_Base\libzip-1.10.0\msvc\CMakeFiles\2fb8620efd73e3820f3d0ebc6ef2805c\zip_source_rollback_write.html.rule">
      <Filter>CMake Rules</Filter>
    </CustomBuild>
    <CustomBuild Include="N:\Development\Dev_Base\libzip-1.10.0\msvc\CMakeFiles\2fb8620efd73e3820f3d0ebc6ef2805c\zip_source_seek.html.rule">
      <Filter>CMake Rules</Filter>
    </CustomBuild>
    <CustomBuild Include="N:\Development\Dev_Base\libzip-1.10.0\msvc\CMakeFiles\2fb8620efd73e3820f3d0ebc6ef2805c\zip_source_seek_compute_offset.html.rule">
      <Filter>CMake Rules</Filter>
    </CustomBuild>
    <CustomBuild Include="N:\Development\Dev_Base\libzip-1.10.0\msvc\CMakeFiles\2fb8620efd73e3820f3d0ebc6ef2805c\zip_source_seek_write.html.rule">
      <Filter>CMake Rules</Filter>
    </CustomBuild>
    <CustomBuild Include="N:\Development\Dev_Base\libzip-1.10.0\msvc\CMakeFiles\2fb8620efd73e3820f3d0ebc6ef2805c\zip_source_stat.html.rule">
      <Filter>CMake Rules</Filter>
    </CustomBuild>
    <CustomBuild Include="N:\Development\Dev_Base\libzip-1.10.0\msvc\CMakeFiles\2fb8620efd73e3820f3d0ebc6ef2805c\zip_source_tell.html.rule">
      <Filter>CMake Rules</Filter>
    </CustomBuild>
    <CustomBuild Include="N:\Development\Dev_Base\libzip-1.10.0\msvc\CMakeFiles\2fb8620efd73e3820f3d0ebc6ef2805c\zip_source_tell_write.html.rule">
      <Filter>CMake Rules</Filter>
    </CustomBuild>
    <CustomBuild Include="N:\Development\Dev_Base\libzip-1.10.0\msvc\CMakeFiles\2fb8620efd73e3820f3d0ebc6ef2805c\zip_source_win32a.html.rule">
      <Filter>CMake Rules</Filter>
    </CustomBuild>
    <CustomBuild Include="N:\Development\Dev_Base\libzip-1.10.0\msvc\CMakeFiles\2fb8620efd73e3820f3d0ebc6ef2805c\zip_source_win32handle.html.rule">
      <Filter>CMake Rules</Filter>
    </CustomBuild>
    <CustomBuild Include="N:\Development\Dev_Base\libzip-1.10.0\msvc\CMakeFiles\2fb8620efd73e3820f3d0ebc6ef2805c\zip_source_win32w.html.rule">
      <Filter>CMake Rules</Filter>
    </CustomBuild>
    <CustomBuild Include="N:\Development\Dev_Base\libzip-1.10.0\msvc\CMakeFiles\2fb8620efd73e3820f3d0ebc6ef2805c\zip_source_window_create.html.rule">
      <Filter>CMake Rules</Filter>
    </CustomBuild>
    <CustomBuild Include="N:\Development\Dev_Base\libzip-1.10.0\msvc\CMakeFiles\2fb8620efd73e3820f3d0ebc6ef2805c\zip_source_write.html.rule">
      <Filter>CMake Rules</Filter>
    </CustomBuild>
    <CustomBuild Include="N:\Development\Dev_Base\libzip-1.10.0\msvc\CMakeFiles\2fb8620efd73e3820f3d0ebc6ef2805c\zip_source_zip.html.rule">
      <Filter>CMake Rules</Filter>
    </CustomBuild>
    <CustomBuild Include="N:\Development\Dev_Base\libzip-1.10.0\msvc\CMakeFiles\2fb8620efd73e3820f3d0ebc6ef2805c\zip_source_zip_file.html.rule">
      <Filter>CMake Rules</Filter>
    </CustomBuild>
    <CustomBuild Include="N:\Development\Dev_Base\libzip-1.10.0\msvc\CMakeFiles\2fb8620efd73e3820f3d0ebc6ef2805c\zip_stat.html.rule">
      <Filter>CMake Rules</Filter>
    </CustomBuild>
    <CustomBuild Include="N:\Development\Dev_Base\libzip-1.10.0\msvc\CMakeFiles\2fb8620efd73e3820f3d0ebc6ef2805c\zip_stat_init.html.rule">
      <Filter>CMake Rules</Filter>
    </CustomBuild>
    <CustomBuild Include="N:\Development\Dev_Base\libzip-1.10.0\msvc\CMakeFiles\2fb8620efd73e3820f3d0ebc6ef2805c\zip_unchange.html.rule">
      <Filter>CMake Rules</Filter>
    </CustomBuild>
    <CustomBuild Include="N:\Development\Dev_Base\libzip-1.10.0\msvc\CMakeFiles\2fb8620efd73e3820f3d0ebc6ef2805c\zip_unchange_all.html.rule">
      <Filter>CMake Rules</Filter>
    </CustomBuild>
    <CustomBuild Include="N:\Development\Dev_Base\libzip-1.10.0\msvc\CMakeFiles\2fb8620efd73e3820f3d0ebc6ef2805c\zip_unchange_archive.html.rule">
      <Filter>CMake Rules</Filter>
    </CustomBuild>
    <CustomBuild Include="N:\Development\Dev_Base\libzip-1.10.0\msvc\CMakeFiles\2fb8620efd73e3820f3d0ebc6ef2805c\zipcmp.html.rule">
      <Filter>CMake Rules</Filter>
    </CustomBuild>
    <CustomBuild Include="N:\Development\Dev_Base\libzip-1.10.0\msvc\CMakeFiles\2fb8620efd73e3820f3d0ebc6ef2805c\zipmerge.html.rule">
      <Filter>CMake Rules</Filter>
    </CustomBuild>
    <CustomBuild Include="N:\Development\Dev_Base\libzip-1.10.0\msvc\CMakeFiles\2fb8620efd73e3820f3d0ebc6ef2805c\ziptool.html.rule">
      <Filter>CMake Rules</Filter>
    </CustomBuild>
    <CustomBuild Include="N:\Development\Dev_Base\libzip-1.10.0\msvc\CMakeFiles\d2ca1a4761165903fddab8f93f14b804\update-html.rule">
      <Filter>CMake Rules</Filter>
    </CustomBuild>
    <CustomBuild Include="N:\Development\Dev_Base\libzip-1.10.0\man\CMakeLists.txt" />
  </ItemGroup>
  <ItemGroup>
    <None Include="N:\Development\Dev_Base\libzip-1.10.0\msvc\man\CMakeFiles\update-html" />
  </ItemGroup>
  <ItemGroup>
    <Filter Include="CMake Rules">
      <UniqueIdentifier>{108B202A-FA7D-3851-BD8B-94518CE64ECC}</UniqueIdentifier>
    </Filter>
  </ItemGroup>
</Project>
